
Microsoft Visual Studio Solution File, Format Version 12.00
# Visual Studio 15
VisualStudioVersion = 15.0.26124.0
MinimumVisualStudioVersion = 15.0.26124.0
Project("{2150E333-8FDC-42A3-9474-1A3956D46DE8}") = "src", "src", "{9B0ECC8C-2D70-4B40-B983-6935B8C8894D}"
EndProject
Project("{FAE04EC0-301F-11D3-BF4B-00C04F79EFBC}") = "IdentityServer", "src\IdentityServer\IdentityServer.csproj", "{08A1D00F-B9AA-4152-97DE-59ABF4A839D9}"
EndProject
Project("{FAE04EC0-301F-11D3-BF4B-00C04F79EFBC}") = "Api", "src\Api\Api.csproj", "{7FAF9299-9007-4E09-B2B0-318BD8B6C637}"
EndProject
Global
	GlobalSection(SolutionConfigurationPlatforms) = preSolution
		Debug|Any CPU = Debug|Any CPU
		Debug|x64 = Debug|x64
		Debug|x86 = Debug|x86
		Release|Any CPU = Release|Any CPU
		Release|x64 = Release|x64
		Release|x86 = Release|x86
	EndGlobalSection
	GlobalSection(SolutionProperties) = preSolution
		HideSolutionNode = FALSE
	EndGlobalSection
	GlobalSection(ProjectConfigurationPlatforms) = postSolution
		{08A1D00F-B9AA-4152-97DE-59ABF4A839D9}.Debug|Any CPU.ActiveCfg = Debug|Any CPU
		{08A1D00F-B9AA-4152-97DE-59ABF4A839D9}.Debug|Any CPU.Build.0 = Debug|Any CPU
		{08A1D00F-B9AA-4152-97DE-59ABF4A839D9}.Debug|x64.ActiveCfg = Debug|Any CPU
		{08A1D00F-B9AA-4152-97DE-59ABF4A839D9}.Debug|x64.Build.0 = Debug|Any CPU
		{08A1D00F-B9AA-4152-97DE-59ABF4A839D9}.Debug|x86.ActiveCfg = Debug|Any CPU
		{08A1D00F-B9AA-4152-97DE-59ABF4A839D9}.Debug|x86.Build.0 = Debug|Any CPU
		{08A1D00F-B9AA-4152-97DE-59ABF4A839D9}.Release|Any CPU.ActiveCfg = Release|Any CPU
		{08A1D00F-B9AA-4152-97DE-59ABF4A839D9}.Release|Any CPU.Build.0 = Release|Any CPU
		{08A1D00F-B9AA-4152-97DE-59ABF4A839D9}.Release|x64.ActiveCfg = Release|Any CPU
		{08A1D00F-B9AA-4152-97DE-59ABF4A839D9}.Release|x64.Build.0 = Release|Any CPU
		{08A1D00F-B9AA-4152-97DE-59ABF4A839D9}.Release|x86.ActiveCfg = Release|Any CPU
		{08A1D00F-B9AA-4152-97DE-59ABF4A839D9}.Release|x86.Build.0 = Release|Any CPU
		{7FAF9299-9007-4E09-B2B0-318BD8B6C637}.Debug|Any CPU.ActiveCfg = Debug|Any CPU
		{7FAF9299-9007-4E09-B2B0-318BD8B6C637}.Debug|Any CPU.Build.0 = Debug|Any CPU
		{7FAF9299-9007-4E09-B2B0-318BD8B6C637}.Debug|x64.ActiveCfg = Debug|Any CPU
		{7FAF9299-9007-4E09-B2B0-318BD8B6C637}.Debug|x64.Build.0 = Debug|Any CPU
		{7FAF9299-9007-4E09-B2B0-318BD8B6C637}.Debug|x86.ActiveCfg = Debug|Any CPU
		{7FAF9299-9007-4E09-B2B0-318BD8B6C637}.Debug|x86.Build.0 = Debug|Any CPU
		{7FAF9299-9007-4E09-B2B0-318BD8B6C637}.Release|Any CPU.ActiveCfg = Release|Any CPU
		{7FAF9299-9007-4E09-B2B0-318BD8B6C637}.Release|Any CPU.Build.0 = Release|Any CPU
		{7FAF9299-9007-4E09-B2B0-318BD8B6C637}.Release|x64.ActiveCfg = Release|Any CPU
		{7FAF9299-9007-4E09-B2B0-318BD8B6C637}.Release|x64.Build.0 = Release|Any CPU
		{7FAF9299-9007-4E09-B2B0-318BD8B6C637}.Release|x86.ActiveCfg = Release|Any CPU
		{7FAF9299-9007-4E09-B2B0-318BD8B6C637}.Release|x86.Build.0 = Release|Any CPU
	EndGlobalSection
	GlobalSection(NestedProjects) = preSolution
		{08A1D00F-B9AA-4152-97DE-59ABF4A839D9} = {9B0ECC8C-2D70-4B40-B983-6935B8C8894D}
		{7FAF9299-9007-4E09-B2B0-318BD8B6C637} = {9B0ECC8C-2D70-4B40-B983-6935B8C8894D}
	EndGlobalSection
EndGlobal
